Microsoft Visual Studio Solution File, Format Version 12.00
# Visual Studio Version 17
VisualStudioVersion = 17.5.2.0
MinimumVisualStudioVersion = 10.0.40219.1
Project("{FAE04EC0-301F-11D3-BF4B-00C04F79EFBC}") = "MyBroker", "MyBroker.csproj", "{E0F887BA-A071-F212-3806-217F3A0AFBB3}"
EndProject
Global
	GlobalSection(SolutionConfigurationPlatforms) = preSolution
		Debug|Any CPU = Debug|Any CPU
		Release|Any CPU = Release|Any CPU
	EndGlobalSection
	GlobalSection(ProjectConfigurationPlatforms) = postSolution
		{E0F887BA-A071-F212-3806-217F3A0AFBB3}.Debug|Any CPU.ActiveCfg = Debug|Any CPU
		{E0F887BA-A071-F212-3806-217F3A0AFBB3}.Debug|Any CPU.Build.0 = Debug|Any CPU
		{E0F887BA-A071-F212-3806-217F3A0AFBB3}.Release|Any CPU.ActiveCfg = Release|Any CPU
		{E0F887BA-A071-F212-3806-217F3A0AFBB3}.Release|Any CPU.Build.0 = Release|Any CPU
	EndGlobalSection
	GlobalSection(SolutionProperties) = preSolution
		HideSolutionNode = FALSE
	EndGlobalSection
	GlobalSection(ExtensibilityGlobals) = postSolution
		SolutionGuid = {89912159-3FF5-4701-A038-044F09E2ED86}
	EndGlobalSection
EndGlobal
